
Microsoft Visual Studio Solution File, Format Version 10.00
# Visual Studio 2008
Project("{FAE04EC0-301F-11D3-BF4B-00C04F79EFBC}") = "DeviantArt.Chat.Oberon", "DeviantArt.Chat.Oberon\DeviantArt.Chat.Oberon.csproj", "{61781D7F-3E2F-4B3B-A5F0-7106F3921A3E}"
EndProject
Project("{FAE04EC0-301F-11D3-BF4B-00C04F79EFBC}") = "DeviantArt.Chat.Library", "DeviantArt.Chat.Library\DeviantArt.Chat.Library.csproj", "{A419A260-3C55-43A5-8EC7-82C0608769BC}"
EndProject
Project("{2150E333-8FDC-42A3-9474-1A3956D46DE8}") = "Plugins", "Plugins", "{4678E941-DDB9-46E4-89A4-D527CDCF79C0}"
EndProject
Project("{FAE04EC0-301F-11D3-BF4B-00C04F79EFBC}") = "Oberon.Core", "DeviantArt.Chat.Oberon.Plugins\Oberon.Core\Oberon.Core.csproj", "{58E93353-BB0A-4238-86EC-501B7D7CE838}"
EndProject
Project("{FAE04EC0-301F-11D3-BF4B-00C04F79EFBC}") = "Oberon.AI", "DeviantArt.Chat.Oberon.Plugins\Oberon.AI\Oberon.AI.csproj", "{13CE37E8-6E37-4A7E-A703-87A647617C9C}"
EndProject
Project("{2150E333-8FDC-42A3-9474-1A3956D46DE8}") = "Solution Items", "Solution Items", "{69C050B3-9588-4EFA-9193-E4E0E02623BB}"
	ProjectSection(SolutionItems) = preProject
		Oberon.build = Oberon.build
	EndProjectSection
EndProject
Project("{2150E333-8FDC-42A3-9474-1A3956D46DE8}") = "HelperProjects", "HelperProjects", "{9D9AEE3A-27E0-464B-8FDF-C9D193AD3114}"
EndProject
Project("{FAE04EC0-301F-11D3-BF4B-00C04F79EFBC}") = "AIMLbot", "HelperProjects\AIMLbot\AIMLbot\AIMLbot.csproj", "{9C87D82C-0E27-4995-A2CB-72BCB84EF2E2}"
EndProject
Project("{FAE04EC0-301F-11D3-BF4B-00C04F79EFBC}") = "Oberon.Messaging", "DeviantArt.Chat.Oberon.Plugins\Oberon.Messaging\Oberon.Messaging.csproj", "{D69237F5-2D8A-4212-BC02-28E22018D3AC}"
EndProject
Project("{F184B08F-C81C-45F6-A57F-5ABD9991F28F}") = "LastFmLib", "HelperProjects\LastFm\LastFmLib\LastFmLib.vbproj", "{1329B2E8-382C-4FDC-99CB-4F1E34BDE995}"
EndProject
Project("{FAE04EC0-301F-11D3-BF4B-00C04F79EFBC}") = "Oberon.LastFm", "DeviantArt.Chat.Oberon.Plugins\Oberon.LastFm\Oberon.LastFm.csproj", "{17D08EA7-AEF5-4083-BC41-7355F861D167}"
EndProject
Project("{FAE04EC0-301F-11D3-BF4B-00C04F79EFBC}") = "Oberon.Extras", "DeviantArt.Chat.Oberon.Plugins\Oberon.Extras\Oberon.Extras.csproj", "{501EA4DC-525F-44E6-9174-B08206483A29}"
EndProject
Project("{FAE04EC0-301F-11D3-BF4B-00C04F79EFBC}") = "Oberon.Notify", "DeviantArt.Chat.Oberon.Plugins\Oberon.Notify\Oberon.Notify.csproj", "{49146D14-8794-4348-B6F4-0479A37D82A1}"
EndProject
Project("{FAE04EC0-301F-11D3-BF4B-00C04F79EFBC}") = "Oberon.Search", "DeviantArt.Chat.Oberon.Plugins\Oberon.Search\Oberon.Search.csproj", "{1227AB30-7CD9-424E-A409-12F8B2E553C4}"
EndProject
Global
	GlobalSection(SubversionScc) = preSolution
		Svn-Managed = True
		Manager = AnkhSVN - Subversion Support for Visual Studio
	EndGlobalSection
	GlobalSection(SolutionConfigurationPlatforms) = preSolution
		Debug|Any CPU = Debug|Any CPU
		Release|Any CPU = Release|Any CPU
	EndGlobalSection
	GlobalSection(ProjectConfigurationPlatforms) = postSolution
		{61781D7F-3E2F-4B3B-A5F0-7106F3921A3E}.Debug|Any CPU.ActiveCfg = Debug|Any CPU
		{61781D7F-3E2F-4B3B-A5F0-7106F3921A3E}.Debug|Any CPU.Build.0 = Debug|Any CPU
		{61781D7F-3E2F-4B3B-A5F0-7106F3921A3E}.Release|Any CPU.ActiveCfg = Release|Any CPU
		{61781D7F-3E2F-4B3B-A5F0-7106F3921A3E}.Release|Any CPU.Build.0 = Release|Any CPU
		{A419A260-3C55-43A5-8EC7-82C0608769BC}.Debug|Any CPU.ActiveCfg = Debug|Any CPU
		{A419A260-3C55-43A5-8EC7-82C0608769BC}.Debug|Any CPU.Build.0 = Debug|Any CPU
		{A419A260-3C55-43A5-8EC7-82C0608769BC}.Release|Any CPU.ActiveCfg = Release|Any CPU
		{A419A260-3C55-43A5-8EC7-82C0608769BC}.Release|Any CPU.Build.0 = Release|Any CPU
		{58E93353-BB0A-4238-86EC-501B7D7CE838}.Debug|Any CPU.ActiveCfg = Debug|Any CPU
		{58E93353-BB0A-4238-86EC-501B7D7CE838}.Debug|Any CPU.Build.0 = Debug|Any CPU
		{58E93353-BB0A-4238-86EC-501B7D7CE838}.Release|Any CPU.ActiveCfg = Release|Any CPU
		{58E93353-BB0A-4238-86EC-501B7D7CE838}.Release|Any CPU.Build.0 = Release|Any CPU
		{13CE37E8-6E37-4A7E-A703-87A647617C9C}.Debug|Any CPU.ActiveCfg = Debug|Any CPU
		{13CE37E8-6E37-4A7E-A703-87A647617C9C}.Debug|Any CPU.Build.0 = Debug|Any CPU
		{13CE37E8-6E37-4A7E-A703-87A647617C9C}.Release|Any CPU.ActiveCfg = Release|Any CPU
		{13CE37E8-6E37-4A7E-A703-87A647617C9C}.Release|Any CPU.Build.0 = Release|Any CPU
		{9C87D82C-0E27-4995-A2CB-72BCB84EF2E2}.Debug|Any CPU.ActiveCfg = Debug|Any CPU
		{9C87D82C-0E27-4995-A2CB-72BCB84EF2E2}.Debug|Any CPU.Build.0 = Debug|Any CPU
		{9C87D82C-0E27-4995-A2CB-72BCB84EF2E2}.Release|Any CPU.ActiveCfg = Release|Any CPU
		{9C87D82C-0E27-4995-A2CB-72BCB84EF2E2}.Release|Any CPU.Build.0 = Release|Any CPU
		{D69237F5-2D8A-4212-BC02-28E22018D3AC}.Debug|Any CPU.ActiveCfg = Debug|Any CPU
		{D69237F5-2D8A-4212-BC02-28E22018D3AC}.Debug|Any CPU.Build.0 = Debug|Any CPU
		{D69237F5-2D8A-4212-BC02-28E22018D3AC}.Release|Any CPU.ActiveCfg = Release|Any CPU
		{D69237F5-2D8A-4212-BC02-28E22018D3AC}.Release|Any CPU.Build.0 = Release|Any CPU
		{1329B2E8-382C-4FDC-99CB-4F1E34BDE995}.Debug|Any CPU.ActiveCfg = Debug|Any CPU
		{1329B2E8-382C-4FDC-99CB-4F1E34BDE995}.Debug|Any CPU.Build.0 = Debug|Any CPU
		{1329B2E8-382C-4FDC-99CB-4F1E34BDE995}.Release|Any CPU.ActiveCfg = Release|Any CPU
		{1329B2E8-382C-4FDC-99CB-4F1E34BDE995}.Release|Any CPU.Build.0 = Release|Any CPU
		{17D08EA7-AEF5-4083-BC41-7355F861D167}.Debug|Any CPU.ActiveCfg = Debug|Any CPU
		{17D08EA7-AEF5-4083-BC41-7355F861D167}.Debug|Any CPU.Build.0 = Debug|Any CPU
		{17D08EA7-AEF5-4083-BC41-7355F861D167}.Release|Any CPU.ActiveCfg = Release|Any CPU
		{17D08EA7-AEF5-4083-BC41-7355F861D167}.Release|Any CPU.Build.0 = Release|Any CPU
		{501EA4DC-525F-44E6-9174-B08206483A29}.Debug|Any CPU.ActiveCfg = Debug|Any CPU
		{501EA4DC-525F-44E6-9174-B08206483A29}.Debug|Any CPU.Build.0 = Debug|Any CPU
		{501EA4DC-525F-44E6-9174-B08206483A29}.Release|Any CPU.ActiveCfg = Release|Any CPU
		{501EA4DC-525F-44E6-9174-B08206483A29}.Release|Any CPU.Build.0 = Release|Any CPU
		{49146D14-8794-4348-B6F4-0479A37D82A1}.Debug|Any CPU.ActiveCfg = Debug|Any CPU
		{49146D14-8794-4348-B6F4-0479A37D82A1}.Debug|Any CPU.Build.0 = Debug|Any CPU
		{49146D14-8794-4348-B6F4-0479A37D82A1}.Release|Any CPU.ActiveCfg = Release|Any CPU
		{49146D14-8794-4348-B6F4-0479A37D82A1}.Release|Any CPU.Build.0 = Release|Any CPU
		{1227AB30-7CD9-424E-A409-12F8B2E553C4}.Debug|Any CPU.ActiveCfg = Debug|Any CPU
		{1227AB30-7CD9-424E-A409-12F8B2E553C4}.Debug|Any CPU.Build.0 = Debug|Any CPU
		{1227AB30-7CD9-424E-A409-12F8B2E553C4}.Release|Any CPU.ActiveCfg = Release|Any CPU
		{1227AB30-7CD9-424E-A409-12F8B2E553C4}.Release|Any CPU.Build.0 = Release|Any CPU
	EndGlobalSection
	GlobalSection(SolutionProperties) = preSolution
		HideSolutionNode = FALSE
	EndGlobalSection
	GlobalSection(NestedProjects) = preSolution
		{58E93353-BB0A-4238-86EC-501B7D7CE838} = {4678E941-DDB9-46E4-89A4-D527CDCF79C0}
		{13CE37E8-6E37-4A7E-A703-87A647617C9C} = {4678E941-DDB9-46E4-89A4-D527CDCF79C0}
		{D69237F5-2D8A-4212-BC02-28E22018D3AC} = {4678E941-DDB9-46E4-89A4-D527CDCF79C0}
		{17D08EA7-AEF5-4083-BC41-7355F861D167} = {4678E941-DDB9-46E4-89A4-D527CDCF79C0}
		{501EA4DC-525F-44E6-9174-B08206483A29} = {4678E941-DDB9-46E4-89A4-D527CDCF79C0}
		{49146D14-8794-4348-B6F4-0479A37D82A1} = {4678E941-DDB9-46E4-89A4-D527CDCF79C0}
		{1227AB30-7CD9-424E-A409-12F8B2E553C4} = {4678E941-DDB9-46E4-89A4-D527CDCF79C0}
		{9C87D82C-0E27-4995-A2CB-72BCB84EF2E2} = {9D9AEE3A-27E0-464B-8FDF-C9D193AD3114}
		{1329B2E8-382C-4FDC-99CB-4F1E34BDE995} = {9D9AEE3A-27E0-464B-8FDF-C9D193AD3114}
	EndGlobalSection
	GlobalSection(ExtensibilityGlobals) = postSolution
		VisualSVNWorkingCopyRoot = 
	EndGlobalSection
EndGlobal
